
Microsoft Visual Studio Solution File, Format Version 12.00
# Visual Studio Version 17
VisualStudioVersion = 17.0.32126.317
MinimumVisualStudioVersion = 10.0.40219.1
Project("{8BC9CEB8-8B4A-11D0-8D11-00A0C91BC942}") = "Starter", "CGP_CPP_TestApp.vcxproj", "{6BDC10C5-AF58-4F2E-9977-97C10A0936D3}"
	ProjectSection(ProjectDependencies) = postProject
		{8CF90642-C390-40D8-95B4-460E79778934} = {8CF90642-C390-40D8-95B4-460E79778934}
		{23AA21BF-C26C-4B8F-AD95-78E5092074F8} = {23AA21BF-C26C-4B8F-AD95-78E5092074F8}
	EndProjectSection
EndProject
Project("{8BC9CEB8-8B4A-11D0-8D11-00A0C91BC942}") = "CGP_CPP", "CGP_CPP\CGP_CPP.vcxproj", "{8CF90642-C390-40D8-95B4-460E79778934}"
EndProject
Project("{8BC9CEB8-8B4A-11D0-8D11-00A0C91BC942}") = "CGym", "..\CGym\CGym.vcxproj", "{645C2E30-B1B7-4BF1-A9E0-9AE956875825}"
EndProject
Project("{8BC9CEB8-8B4A-11D0-8D11-00A0C91BC942}") = "ExperimentRunner", "..\ExperimentRunner\ExperimentRunner.vcxproj", "{23AA21BF-C26C-4B8F-AD95-78E5092074F8}"
EndProject
Global
	GlobalSection(SolutionConfigurationPlatforms) = preSolution
		Debug|ARM = Debug|ARM
		Debug|ARM64 = Debug|ARM64
		Debug|x64 = Debug|x64
		Debug|x86 = Debug|x86
		Release|ARM = Release|ARM
		Release|ARM64 = Release|ARM64
		Release|x64 = Release|x64
		Release|x86 = Release|x86
	EndGlobalSection
	GlobalSection(ProjectConfigurationPlatforms) = postSolution
		{6BDC10C5-AF58-4F2E-9977-97C10A0936D3}.Debug|ARM.ActiveCfg = Debug|x64
		{6BDC10C5-AF58-4F2E-9977-97C10A0936D3}.Debug|ARM.Build.0 = Debug|x64
		{6BDC10C5-AF58-4F2E-9977-97C10A0936D3}.Debug|ARM64.ActiveCfg = Debug|x64
		{6BDC10C5-AF58-4F2E-9977-97C10A0936D3}.Debug|ARM64.Build.0 = Debug|x64
		{6BDC10C5-AF58-4F2E-9977-97C10A0936D3}.Debug|x64.ActiveCfg = Debug|x64
		{6BDC10C5-AF58-4F2E-9977-97C10A0936D3}.Debug|x64.Build.0 = Debug|x64
		{6BDC10C5-AF58-4F2E-9977-97C10A0936D3}.Debug|x86.ActiveCfg = Debug|Win32
		{6BDC10C5-AF58-4F2E-9977-97C10A0936D3}.Debug|x86.Build.0 = Debug|Win32
		{6BDC10C5-AF58-4F2E-9977-97C10A0936D3}.Release|ARM.ActiveCfg = Release|x64
		{6BDC10C5-AF58-4F2E-9977-97C10A0936D3}.Release|ARM.Build.0 = Release|x64
		{6BDC10C5-AF58-4F2E-9977-97C10A0936D3}.Release|ARM64.ActiveCfg = Release|x64
		{6BDC10C5-AF58-4F2E-9977-97C10A0936D3}.Release|ARM64.Build.0 = Release|x64
		{6BDC10C5-AF58-4F2E-9977-97C10A0936D3}.Release|x64.ActiveCfg = Release|x64
		{6BDC10C5-AF58-4F2E-9977-97C10A0936D3}.Release|x64.Build.0 = Release|x64
		{6BDC10C5-AF58-4F2E-9977-97C10A0936D3}.Release|x86.ActiveCfg = Release|Win32
		{6BDC10C5-AF58-4F2E-9977-97C10A0936D3}.Release|x86.Build.0 = Release|Win32
		{8CF90642-C390-40D8-95B4-460E79778934}.Debug|ARM.ActiveCfg = Debug|x64
		{8CF90642-C390-40D8-95B4-460E79778934}.Debug|ARM.Build.0 = Debug|x64
		{8CF90642-C390-40D8-95B4-460E79778934}.Debug|ARM64.ActiveCfg = Debug|x64
		{8CF90642-C390-40D8-95B4-460E79778934}.Debug|ARM64.Build.0 = Debug|x64
		{8CF90642-C390-40D8-95B4-460E79778934}.Debug|x64.ActiveCfg = Debug|x64
		{8CF90642-C390-40D8-95B4-460E79778934}.Debug|x64.Build.0 = Debug|x64
		{8CF90642-C390-40D8-95B4-460E79778934}.Debug|x86.ActiveCfg = Debug|Win32
		{8CF90642-C390-40D8-95B4-460E79778934}.Debug|x86.Build.0 = Debug|Win32
		{8CF90642-C390-40D8-95B4-460E79778934}.Release|ARM.ActiveCfg = Release|x64
		{8CF90642-C390-40D8-95B4-460E79778934}.Release|ARM.Build.0 = Release|x64
		{8CF90642-C390-40D8-95B4-460E79778934}.Release|ARM64.ActiveCfg = Release|x64
		{8CF90642-C390-40D8-95B4-460E79778934}.Release|ARM64.Build.0 = Release|x64
		{8CF90642-C390-40D8-95B4-460E79778934}.Release|x64.ActiveCfg = Release|x64
		{8CF90642-C390-40D8-95B4-460E79778934}.Release|x64.Build.0 = Release|x64
		{8CF90642-C390-40D8-95B4-460E79778934}.Release|x86.ActiveCfg = Release|Win32
		{8CF90642-C390-40D8-95B4-460E79778934}.Release|x86.Build.0 = Release|Win32
		{645C2E30-B1B7-4BF1-A9E0-9AE956875825}.Debug|ARM.ActiveCfg = Debug|x64
		{645C2E30-B1B7-4BF1-A9E0-9AE956875825}.Debug|ARM.Build.0 = Debug|x64
		{645C2E30-B1B7-4BF1-A9E0-9AE956875825}.Debug|ARM64.ActiveCfg = Debug|x64
		{645C2E30-B1B7-4BF1-A9E0-9AE956875825}.Debug|ARM64.Build.0 = Debug|x64
		{645C2E30-B1B7-4BF1-A9E0-9AE956875825}.Debug|x64.ActiveCfg = Debug|x64
		{645C2E30-B1B7-4BF1-A9E0-9AE956875825}.Debug|x64.Build.0 = Debug|x64
		{645C2E30-B1B7-4BF1-A9E0-9AE956875825}.Debug|x86.ActiveCfg = Debug|Win32
		{645C2E30-B1B7-4BF1-A9E0-9AE956875825}.Debug|x86.Build.0 = Debug|Win32
		{645C2E30-B1B7-4BF1-A9E0-9AE956875825}.Release|ARM.ActiveCfg = Release|x64
		{645C2E30-B1B7-4BF1-A9E0-9AE956875825}.Release|ARM.Build.0 = Release|x64
		{645C2E30-B1B7-4BF1-A9E0-9AE956875825}.Release|ARM64.ActiveCfg = Release|x64
		{645C2E30-B1B7-4BF1-A9E0-9AE956875825}.Release|ARM64.Build.0 = Release|x64
		{645C2E30-B1B7-4BF1-A9E0-9AE956875825}.Release|x64.ActiveCfg = Release|x64
		{645C2E30-B1B7-4BF1-A9E0-9AE956875825}.Release|x64.Build.0 = Release|x64
		{645C2E30-B1B7-4BF1-A9E0-9AE956875825}.Release|x86.ActiveCfg = Release|Win32
		{645C2E30-B1B7-4BF1-A9E0-9AE956875825}.Release|x86.Build.0 = Release|Win32
		{23AA21BF-C26C-4B8F-AD95-78E5092074F8}.Debug|ARM.ActiveCfg = Debug|x64
		{23AA21BF-C26C-4B8F-AD95-78E5092074F8}.Debug|ARM.Build.0 = Debug|x64
		{23AA21BF-C26C-4B8F-AD95-78E5092074F8}.Debug|ARM64.ActiveCfg = Debug|x64
		{23AA21BF-C26C-4B8F-AD95-78E5092074F8}.Debug|ARM64.Build.0 = Debug|x64
		{23AA21BF-C26C-4B8F-AD95-78E5092074F8}.Debug|x64.ActiveCfg = Debug|x64
		{23AA21BF-C26C-4B8F-AD95-78E5092074F8}.Debug|x64.Build.0 = Debug|x64
		{23AA21BF-C26C-4B8F-AD95-78E5092074F8}.Debug|x86.ActiveCfg = Debug|Win32
		{23AA21BF-C26C-4B8F-AD95-78E5092074F8}.Debug|x86.Build.0 = Debug|Win32
		{23AA21BF-C26C-4B8F-AD95-78E5092074F8}.Release|ARM.ActiveCfg = Release|x64
		{23AA21BF-C26C-4B8F-AD95-78E5092074F8}.Release|ARM.Build.0 = Release|x64
		{23AA21BF-C26C-4B8F-AD95-78E5092074F8}.Release|ARM64.ActiveCfg = Release|x64
		{23AA21BF-C26C-4B8F-AD95-78E5092074F8}.Release|ARM64.Build.0 = Release|x64
		{23AA21BF-C26C-4B8F-AD95-78E5092074F8}.Release|x64.ActiveCfg = Release|x64
		{23AA21BF-C26C-4B8F-AD95-78E5092074F8}.Release|x64.Build.0 = Release|x64
		{23AA21BF-C26C-4B8F-AD95-78E5092074F8}.Release|x86.ActiveCfg = Release|Win32
		{23AA21BF-C26C-4B8F-AD95-78E5092074F8}.Release|x86.Build.0 = Release|Win32
	EndGlobalSection
	GlobalSection(SolutionProperties) = preSolution
		HideSolutionNode = FALSE
	EndGlobalSection
	GlobalSection(ExtensibilityGlobals) = postSolution
		SolutionGuid = {E15988CD-DA42-48E6-8EE6-66CEB6630AFB}
	EndGlobalSection
EndGlobal
